# Generated by buf. DO NOT EDIT.
version: v2
deps:
  - name: buf.build/envoyproxy/protoc-gen-validate
    commit: daf171c6cdb54629b5f51e345a79e4dd
    digest: b5:c745e1521879f43740230b1df673d0729f55704efefdcfc489d4a0a2d40c92a26cacfeab62813403040a8b180142d53b398c7ca784a065e43823605ee49681de
  - name: buf.build/googleapis/googleapis
    commit: c0913f24652a4cfc95f77d97443a5005
    digest: b5:4edb1480036c60f7867d75417d7faa87c851c96a4988a9746058a24e8e9bb4978daed0af35d57f6043de5a60355978dceaaa93dc992be99193260ac8823cbb8f
